
Microsoft Visual Studio Solution File, Format Version 12.00
# Visual Studio 15
VisualStudioVersion = 15.0.26730.16
MinimumVisualStudioVersion = 10.0.40219.1
Project("{FAE04EC0-301F-11D3-BF4B-00C04F79EFBC}") = "YoutubeMP3Downloader", "YoutubeMP3Downloader\YoutubeMP3Downloader.csproj", "{84A559E7-85CA-42B0-87E1-D4672B1C5AEA}"
EndProject
Project("{FAE04EC0-301F-11D3-BF4B-00C04F79EFBC}") = "YoutubeExtractor", "..\..\..\Documents\Youtube Downloader\YoutubeExtractor\YoutubeExtractor\YoutubeExtractor.csproj", "{ECDC127F-8DEF-4F99-8300-72C13597339D}"
EndProject
Global
	GlobalSection(SolutionConfigurationPlatforms) = preSolution
		Debug|Any CPU = Debug|Any CPU
		Release|Any CPU = Release|Any CPU
	EndGlobalSection
	GlobalSection(ProjectConfigurationPlatforms) = postSolution
		{84A559E7-85CA-42B0-87E1-D4672B1C5AEA}.Debug|Any CPU.ActiveCfg = Debug|Any CPU
		{84A559E7-85CA-42B0-87E1-D4672B1C5AEA}.Debug|Any CPU.Build.0 = Debug|Any CPU
		{84A559E7-85CA-42B0-87E1-D4672B1C5AEA}.Release|Any CPU.ActiveCfg = Release|Any CPU
		{84A559E7-85CA-42B0-87E1-D4672B1C5AEA}.Release|Any CPU.Build.0 = Release|Any CPU
		{ECDC127F-8DEF-4F99-8300-72C13597339D}.Debug|Any CPU.ActiveCfg = Debug|Any CPU
		{ECDC127F-8DEF-4F99-8300-72C13597339D}.Debug|Any CPU.Build.0 = Debug|Any CPU
		{ECDC127F-8DEF-4F99-8300-72C13597339D}.Release|Any CPU.ActiveCfg = Release|Any CPU
		{ECDC127F-8DEF-4F99-8300-72C13597339D}.Release|Any CPU.Build.0 = Release|Any CPU
	EndGlobalSection
	GlobalSection(SolutionProperties) = preSolution
		HideSolutionNode = FALSE
	EndGlobalSection
	GlobalSection(ExtensibilityGlobals) = postSolution
		SolutionGuid = {A2838E7C-3D9F-4F2A-91A5-FA63F91BAE82}
	EndGlobalSection
EndGlobal
